
Microsoft Visual Studio Solution File, Format Version 12.00
# Visual Studio Version 17
VisualStudioVersion = 17.0.31717.71
MinimumVisualStudioVersion = 10.0.40219.1
Project("{9A19103F-16F7-4668-BE54-9A1E7A4F7556}") = "TBK.Certs", "TBK.Certs.csproj", "{36EA7B86-E7AC-48BA-B288-8834146D2B36}"
EndProject
Global
	GlobalSection(SolutionConfigurationPlatforms) = preSolution
		Debug|Any CPU = Debug|Any CPU
		Release|Any CPU = Release|Any CPU
	EndGlobalSection
	GlobalSection(ProjectConfigurationPlatforms) = postSolution
		{36EA7B86-E7AC-48BA-B288-8834146D2B36}.Debug|Any CPU.ActiveCfg = Debug|Any CPU
		{36EA7B86-E7AC-48BA-B288-8834146D2B36}.Debug|Any CPU.Build.0 = Debug|Any CPU
		{36EA7B86-E7AC-48BA-B288-8834146D2B36}.Release|Any CPU.ActiveCfg = Release|Any CPU
		{36EA7B86-E7AC-48BA-B288-8834146D2B36}.Release|Any CPU.Build.0 = Release|Any CPU
	EndGlobalSection
	GlobalSection(SolutionProperties) = preSolution
		HideSolutionNode = FALSE
	EndGlobalSection
	GlobalSection(ExtensibilityGlobals) = postSolution
		SolutionGuid = {35103313-5847-4DEC-9389-270A2DE87288}
	EndGlobalSection
EndGlobal